
Microsoft Visual Studio Solution File, Format Version 12.00
# Visual Studio Version 17
VisualStudioVersion = 17.7.34031.279
MinimumVisualStudioVersion = 10.0.40219.1
Project("{FAE04EC0-301F-11D3-BF4B-00C04F79EFBC}") = "Star-Motion-Blur-Calculator", "Star-Motion-Blur-Calculator.csproj", "{34BF7BB0-F3C0-4081-9A37-3FB71016C0B9}"
EndProject
Global
	GlobalSection(SolutionConfigurationPlatforms) = preSolution
		Debug|Any CPU = Debug|Any CPU
		Release|Any CPU = Release|Any CPU
	EndGlobalSection
	GlobalSection(ProjectConfigurationPlatforms) = postSolution
		{34BF7BB0-F3C0-4081-9A37-3FB71016C0B9}.Debug|Any CPU.ActiveCfg = Debug|Any CPU
		{34BF7BB0-F3C0-4081-9A37-3FB71016C0B9}.Debug|Any CPU.Build.0 = Debug|Any CPU
		{34BF7BB0-F3C0-4081-9A37-3FB71016C0B9}.Release|Any CPU.ActiveCfg = Release|Any CPU
		{34BF7BB0-F3C0-4081-9A37-3FB71016C0B9}.Release|Any CPU.Build.0 = Release|Any CPU
	EndGlobalSection
	GlobalSection(SolutionProperties) = preSolution
		HideSolutionNode = FALSE
	EndGlobalSection
	GlobalSection(ExtensibilityGlobals) = postSolution
		SolutionGuid = {94546CCB-4CB9-41C8-8F68-7383359A7CAF}
	EndGlobalSection
EndGlobal
